
Microsoft Visual Studio Solution File, Format Version 12.00
# Visual Studio Version 17
VisualStudioVersion = 17.4.33213.308
MinimumVisualStudioVersion = 10.0.40219.1
Project("{FAE04EC0-301F-11D3-BF4B-00C04F79EFBC}") = "OrderReserver", "OrderReserver\OrderReserver.csproj", "{98BA816D-21D2-4848-90CA-C16B01AE9003}"
EndProject
Global
	GlobalSection(SolutionConfigurationPlatforms) = preSolution
		Debug|Any CPU = Debug|Any CPU
		Release|Any CPU = Release|Any CPU
	EndGlobalSection
	GlobalSection(ProjectConfigurationPlatforms) = postSolution
		{98BA816D-21D2-4848-90CA-C16B01AE9003}.Debug|Any CPU.ActiveCfg = Debug|Any CPU
		{98BA816D-21D2-4848-90CA-C16B01AE9003}.Debug|Any CPU.Build.0 = Debug|Any CPU
		{98BA816D-21D2-4848-90CA-C16B01AE9003}.Release|Any CPU.ActiveCfg = Release|Any CPU
		{98BA816D-21D2-4848-90CA-C16B01AE9003}.Release|Any CPU.Build.0 = Release|Any CPU
	EndGlobalSection
	GlobalSection(SolutionProperties) = preSolution
		HideSolutionNode = FALSE
	EndGlobalSection
	GlobalSection(ExtensibilityGlobals) = postSolution
		SolutionGuid = {1AD5FD1D-1944-41B1-BF4B-7199828353B9}
	EndGlobalSection
EndGlobal
